<?xml version="1.0" encoding="utf-8"?>
<Project ToolsVersion="4.0" xmlns="http://schemas.microsoft.com/developer/msbuild/2003">
  <ItemGroup>
    <ClInclude Include="Math\Constants.h" />
    <ClInclude Include="Math\Matrices.h" />
    <ClInclude Include="Math\Matrix4x4.h" />
    <ClInclude Include="Math\Quaternion.h" />
    <ClInclude Include="Math\Scalar.h" />
    <ClInclude Include="Math\Scalars.h" />
    <ClInclude Include="Math\Vector2.h" />
    <ClInclude Include="Math\Vector3.h" />
    <ClInclude Include="Math\Vector4.h" />
    <ClInclude Include="Math\Vectors.h" />
    <ClInclude Include="Logger\Logger.h" />
    <ClInclude Include="Logger\ToString.h" />
    <ClInclude Include="DataStructures\Algorithms.h" />
    <ClInclude Include="DataStructures\Array.h" />
    <ClInclude Include="DataStructures\DsUtils.h" />
    <ClInclude Include="DataStructures\GridArray.h" />
    <ClInclude Include="DataStructures\InvalidateList.h" />
    <ClInclude Include="DataStructures\List.h" />
    <ClInclude Include="DataStructures\PtrRange.h" />
    <ClInclude Include="DataStructures\PtrRangeConst.h" />
    <ClInclude Include="DataStructures\SortedArray.h" />
    <ClInclude Include="DataStructures\SortedList.h" />
    <ClInclude Include="Transform\Transform.h" />
    <ClInclude Include="Transform\WorldMatrix.h" />
    <ClInclude Include="Image\Image.h" />
    <ClInclude Include="DataStructures\CubeArray.h" />
    <ClInclude Include="Timing\Counter.h" />
    <ClInclude Include="Timing\Time.h" />
    <ClInclude Include="Timing\Interval.h" />
    <ClInclude Include="String\StringUtils.h" />
    <ClInclude Include="String\Convert.h" />
    <ClInclude Include="Math\Matrix2X2.h" />
    <ClInclude Include="DataStructures\Adders\ArrayAdder.h" />
    <ClInclude Include="DataStructures\Adders\ListAdder.h" />
    <ClInclude Include="Math\Matrix3X3.h" />
    <ClInclude Include="Math\DxMatrix3X3.h" />
  </ItemGroup>
  <ItemGroup>
    <ClCompile Include="Math\Quaternion.cpp" />
    <ClCompile Include="Logger\Logger.cpp" />
    <ClCompile Include="Transform\Transform.cpp" />
    <ClCompile Include="Transform\WorldMatrix.cpp" />
    <ClCompile Include="Image\Image.cpp" />
    <ClCompile Include="Timing\Counter.cpp" />
    <ClCompile Include="Timing\Time.cpp" />
    <ClCompile Include="Timing\Interval.cpp" />
    <ClCompile Include="String\StringUtils.cpp" />
    <ClCompile Include="String\Convert.cpp" />
  </ItemGroup>
</Project>