<?xml version="1.0" encoding="utf-8"?>
<Project ToolsVersion="4.0" xmlns="http://schemas.microsoft.com/developer/msbuild/2003">
  <ItemGroup>
    <ClCompile Include="Logging\Logger.cpp" />
    <ClCompile Include="Gpu\Dx\DxGpu.cpp" />
    <ClCompile Include="Gpu\Dx\DxHelper.cpp" />
    <ClCompile Include="App\Win32\Win32Window.cpp" />
    <ClCompile Include="App\App.cpp" />
    <ClCompile Include="App\FpsControl.cpp" />
    <ClCompile Include="Gpu\GpuCreator.cpp" />
    <ClCompile Include="Gpu\Dx\DxCanvas.cpp" />
    <ClCompile Include="App\Resources.cpp" />
    <ClCompile Include="Gpu\Dx\DxShader.cpp" />
    <ClCompile Include="Gpu\Dx\DxMesh.cpp" />
    <ClCompile Include="Gpu\Dx\DxPainter.cpp" />
    <ClCompile Include="Game\Camera\Camera.cpp" />
    <ClCompile Include="App\Input\InputData.cpp" />
    <ClCompile Include="App\Input\InputWriter.cpp" />
    <ClCompile Include="App\Input\InputReader.cpp" />
    <ClCompile Include="Game\Camera\CameraController.cpp" />
    <ClCompile Include="pch.cpp" />
    <ClCompile Include="Game\GameGlobals.cpp" />
  </ItemGroup>
  <ItemGroup>
    <ClInclude Include="Logging\Logger.h" />
    <ClInclude Include="Gpu\Dx\DxGpu.h" />
    <ClInclude Include="Gpu\Dx\DxHelper.h" />
    <ClInclude Include="App\IWindow.h" />
    <ClInclude Include="App\Win32\Win32Window.h" />
    <ClInclude Include="App\App.h" />
    <ClInclude Include="App\FpsControl.h" />
    <ClInclude Include="App\Time.h" />
    <ClInclude Include="Gpu\GpuCreator.h" />
    <ClInclude Include="Gpu\IGpu.h" />
    <ClInclude Include="Gpu\ICanvas.h" />
    <ClInclude Include="Gpu\Dx\DxCanvas.h" />
    <ClInclude Include="App\IWindowResizeListener.h" />
    <ClInclude Include="App\Resources.h" />
    <ClInclude Include="Gpu\IShader.h" />
    <ClInclude Include="Gpu\IMesh.h" />
    <ClInclude Include="Gpu\Dx\DxShader.h" />
    <ClInclude Include="Gpu\Dx\DxMesh.h" />
    <ClInclude Include="Gpu\IPainter.h" />
    <ClInclude Include="Gpu\Dx\DxPainter.h" />
    <ClInclude Include="Game\Camera\ICamera.h" />
    <ClInclude Include="Game\Camera\Camera.h" />
    <ClInclude Include="App\Input\IInputData.h" />
    <ClInclude Include="App\Input\IInputWriter.h" />
    <ClInclude Include="App\Input\IInputReader.h" />
    <ClInclude Include="App\Input\InputData.h" />
    <ClInclude Include="App\Input\InputWriter.h" />
    <ClInclude Include="App\Input\InputReader.h" />
    <ClInclude Include="App\Input\EmptyInputWriter.h" />
    <ClInclude Include="Game\Camera\ICameraController.h" />
    <ClInclude Include="Game\Camera\CameraController.h" />
    <ClInclude Include="Math\Math.h" />
    <ClInclude Include="pch.h" />
    <ClInclude Include="Game\GameGlobals.h" />
  </ItemGroup>
</Project>