<?xml version="1.0" encoding="utf-8"?>
<Project ToolsVersion="4.0" xmlns="http://schemas.microsoft.com/developer/msbuild/2003">
  <ItemGroup>
    <ClCompile Include="Logging\Logger.cpp" />
    <ClCompile Include="App\Wrappers\Gpu\DxHelper.cpp" />
    <ClCompile Include="App\Wrappers\Win32\Window.cpp" />
    <ClCompile Include="App\App.cpp" />
    <ClCompile Include="App\FpsControl.cpp" />
    <ClCompile Include="App\Wrappers\Gpu\GpuCreator.cpp" />
    <ClCompile Include="App\Resources.cpp" />
    <ClCompile Include="Game\Camera\Camera.cpp" />
    <ClCompile Include="Game\Camera\CameraController.cpp" />
    <ClCompile Include="pch.cpp" />
    <ClCompile Include="Game\GameGlobals.cpp" />
    <ClCompile Include="Math\RectInt.cpp" />
    <ClCompile Include="App\Wrappers\Win32\Screen.cpp" />
    <ClCompile Include="App\Wrappers\Win32\Keyboard_StateReader.cpp" />
    <ClCompile Include="App\Wrappers\Win32\InputTypes.cpp" />
    <ClCompile Include="App\Wrappers\Win32\Keyboard_MsgListener.cpp" />
    <ClCompile Include="App\Framework.cpp" />
    <ClCompile Include="App\Wrappers\Gpu\Canvas.cpp" />
    <ClCompile Include="App\Wrappers\Gpu\Gpu.cpp" />
    <ClCompile Include="App\Wrappers\Gpu\Mesh.cpp" />
    <ClCompile Include="App\Wrappers\Gpu\Painter.cpp" />
    <ClCompile Include="App\Wrappers\Gpu\Shader.cpp" />
    <ClCompile Include="App\Wrappers\Win32\Renderer2D.cpp" />
    <ClCompile Include="App\Wrappers\Gpu\RendererD2D.cpp" />
    <ClCompile Include="Math\Int2.cpp" />
    <ClCompile Include="App\Wrappers\Win32\Mouse.cpp" />
  </ItemGroup>
  <ItemGroup>
    <ClInclude Include="Logging\Logger.h" />
    <ClInclude Include="App\Wrappers\Gpu\DxHelper.h" />
    <ClInclude Include="App\Wrappers\Win32\Window.h" />
    <ClInclude Include="App\App.h" />
    <ClInclude Include="App\FpsControl.h" />
    <ClInclude Include="App\Time.h" />
    <ClInclude Include="App\Wrappers\Gpu\GpuCreator.h" />
    <ClInclude Include="App\Resources.h" />
    <ClInclude Include="Game\Camera\Camera.h" />
    <ClInclude Include="Game\Camera\CameraController.h" />
    <ClInclude Include="Math\Constants.h" />
    <ClInclude Include="pch.h" />
    <ClInclude Include="Game\GameGlobals.h" />
    <ClInclude Include="Math\RectInt.h" />
    <ClInclude Include="App\Wrappers\Win32\Screen.h" />
    <ClInclude Include="App\Wrappers\Win32\Keyboard_StateReader.h" />
    <ClInclude Include="App\Wrappers\Win32\Keyboard_.h" />
    <ClInclude Include="App\Wrappers\Win32\InputTypes.h" />
    <ClInclude Include="App\Wrappers\Win32\Keyboard_MsgListener.h" />
    <ClInclude Include="App\Framework.h" />
    <ClInclude Include="App\Wrappers\Gpu\Canvas.h" />
    <ClInclude Include="App\Wrappers\Gpu\Gpu.h" />
    <ClInclude Include="App\Wrappers\Gpu\Mesh.h" />
    <ClInclude Include="App\Wrappers\Gpu\Painter.h" />
    <ClInclude Include="App\Wrappers\Gpu\Shader.h" />
    <ClInclude Include="App\Wrappers\Win32\IExtraWinProc.h" />
    <ClInclude Include="App\Wrappers\Win32\Renderer2D.h" />
    <ClInclude Include="App\Wrappers\Gpu\RendererD2D.h" />
    <ClInclude Include="Math\Int2.h" />
    <ClInclude Include="App\Wrappers\Win32\Mouse.h" />
  </ItemGroup>
  <ItemGroup>
    <None Include="PropertySheet.props" />
  </ItemGroup>
</Project>